
Microsoft Visual Studio Solution File, Format Version 12.00
# Visual Studio 15
VisualStudioVersion = 15.0.28307.1525
MinimumVisualStudioVersion = 10.0.40219.1
Project("{8BC9CEB8-8B4A-11D0-8D11-00A0C91BC942}") = "Core", "Core\Core.vcxproj", "{6F3EE589-08F1-4B58-BEC0-711A060C57EC}"
EndProject
Project("{8BC9CEB8-8B4A-11D0-8D11-00A0C91BC942}") = "Wrapper", "Wrapper\Wrapper.vcxproj", "{BCEA0BA8-486F-444A-B0E7-C21B01577AB4}"
EndProject
Project("{FAE04EC0-301F-11D3-BF4B-00C04F79EFBC}") = "Sandbox", "Sandbox\Sandbox.csproj", "{1F0EFD49-9AA3-41FA-A246-E0B09A5C3CEC}"
EndProject
Global
	GlobalSection(SolutionConfigurationPlatforms) = preSolution
		Debug|Any CPU = Debug|Any CPU
		Debug|x64 = Debug|x64
		Debug|x86 = Debug|x86
		Release|Any CPU = Release|Any CPU
		Release|x64 = Release|x64
		Release|x86 = Release|x86
	EndGlobalSection
	GlobalSection(ProjectConfigurationPlatforms) = postSolution
		{6F3EE589-08F1-4B58-BEC0-711A060C57EC}.Debug|Any CPU.ActiveCfg = Debug|Win32
		{6F3EE589-08F1-4B58-BEC0-711A060C57EC}.Debug|x64.ActiveCfg = Debug|x64
		{6F3EE589-08F1-4B58-BEC0-711A060C57EC}.Debug|x64.Build.0 = Debug|x64
		{6F3EE589-08F1-4B58-BEC0-711A060C57EC}.Debug|x86.ActiveCfg = Debug|Win32
		{6F3EE589-08F1-4B58-BEC0-711A060C57EC}.Debug|x86.Build.0 = Debug|Win32
		{6F3EE589-08F1-4B58-BEC0-711A060C57EC}.Release|Any CPU.ActiveCfg = Release|Win32
		{6F3EE589-08F1-4B58-BEC0-711A060C57EC}.Release|x64.ActiveCfg = Release|x64
		{6F3EE589-08F1-4B58-BEC0-711A060C57EC}.Release|x64.Build.0 = Release|x64
		{6F3EE589-08F1-4B58-BEC0-711A060C57EC}.Release|x86.ActiveCfg = Release|Win32
		{6F3EE589-08F1-4B58-BEC0-711A060C57EC}.Release|x86.Build.0 = Release|Win32
		{BCEA0BA8-486F-444A-B0E7-C21B01577AB4}.Debug|Any CPU.ActiveCfg = Debug|Win32
		{BCEA0BA8-486F-444A-B0E7-C21B01577AB4}.Debug|x64.ActiveCfg = Debug|x64
		{BCEA0BA8-486F-444A-B0E7-C21B01577AB4}.Debug|x64.Build.0 = Debug|x64
		{BCEA0BA8-486F-444A-B0E7-C21B01577AB4}.Debug|x86.ActiveCfg = Debug|Win32
		{BCEA0BA8-486F-444A-B0E7-C21B01577AB4}.Debug|x86.Build.0 = Debug|Win32
		{BCEA0BA8-486F-444A-B0E7-C21B01577AB4}.Release|Any CPU.ActiveCfg = Release|Win32
		{BCEA0BA8-486F-444A-B0E7-C21B01577AB4}.Release|x64.ActiveCfg = Release|x64
		{BCEA0BA8-486F-444A-B0E7-C21B01577AB4}.Release|x64.Build.0 = Release|x64
		{BCEA0BA8-486F-444A-B0E7-C21B01577AB4}.Release|x86.ActiveCfg = Release|Win32
		{BCEA0BA8-486F-444A-B0E7-C21B01577AB4}.Release|x86.Build.0 = Release|Win32
		{1F0EFD49-9AA3-41FA-A246-E0B09A5C3CEC}.Debug|Any CPU.ActiveCfg = Debug|Any CPU
		{1F0EFD49-9AA3-41FA-A246-E0B09A5C3CEC}.Debug|Any CPU.Build.0 = Debug|Any CPU
		{1F0EFD49-9AA3-41FA-A246-E0B09A5C3CEC}.Debug|x64.ActiveCfg = Debug|Any CPU
		{1F0EFD49-9AA3-41FA-A246-E0B09A5C3CEC}.Debug|x64.Build.0 = Debug|Any CPU
		{1F0EFD49-9AA3-41FA-A246-E0B09A5C3CEC}.Debug|x86.ActiveCfg = Debug|Any CPU
		{1F0EFD49-9AA3-41FA-A246-E0B09A5C3CEC}.Debug|x86.Build.0 = Debug|Any CPU
		{1F0EFD49-9AA3-41FA-A246-E0B09A5C3CEC}.Release|Any CPU.ActiveCfg = Release|Any CPU
		{1F0EFD49-9AA3-41FA-A246-E0B09A5C3CEC}.Release|Any CPU.Build.0 = Release|Any CPU
		{1F0EFD49-9AA3-41FA-A246-E0B09A5C3CEC}.Release|x64.ActiveCfg = Release|Any CPU
		{1F0EFD49-9AA3-41FA-A246-E0B09A5C3CEC}.Release|x64.Build.0 = Release|Any CPU
		{1F0EFD49-9AA3-41FA-A246-E0B09A5C3CEC}.Release|x86.ActiveCfg = Release|Any CPU
		{1F0EFD49-9AA3-41FA-A246-E0B09A5C3CEC}.Release|x86.Build.0 = Release|Any CPU
	EndGlobalSection
	GlobalSection(SolutionProperties) = preSolution
		HideSolutionNode = FALSE
	EndGlobalSection
	GlobalSection(ExtensibilityGlobals) = postSolution
		SolutionGuid = {6AA79CE3-DA33-4CEB-981F-F96633BDE6AD}
	EndGlobalSection
EndGlobal
